// !$*UTF8*$!
{
	archiveVersion = 1;
	classes = {
	};
	objectVersion = 50;
	objects = {

/* Begin PBXBuildFile section */
		306D891A210F08A900CF5B61 /* AppDelegate.swift in Sources */ = {isa = PBXBuildFile; fileRef = 306D8919210F08A900CF5B61 /* AppDelegate.swift */; };
		306D891C210F08AA00CF5B61 /* ViewController.swift in Sources */ = {isa = PBXBuildFile; fileRef = 306D891B210F08AA00CF5B61 /* ViewController.swift */; };
		306D891F210F08AA00CF5B61 /* Main.storyboard in Resources */ = {isa = PBXBuildFile; fileRef = 306D891D210F08AA00CF5B61 /* Main.storyboard */; };
		306D8921210F08AB00CF5B61 /* Assets.xcassets in Resources */ = {isa = PBXBuildFile; fileRef = 306D8920210F08AB00CF5B61 /* Assets.xcassets */; };
		306D8924210F08AB00CF5B61 /* LaunchScreen.storyboard in Resources */ = {isa = PBXBuildFile; fileRef = 306D8922210F08AB00CF5B61 /* LaunchScreen.storyboard */; };
		306D892C210F0C4B00CF5B61 /* LoginViewController.swift in Sources */ = {isa = PBXBuildFile; fileRef = 306D892B210F0C4B00CF5B61 /* LoginViewController.swift */; };
		306D892E210F0C5900CF5B61 /* SignUpViewController.swift in Sources */ = {isa = PBXBuildFile; fileRef = 306D892D210F0C5900CF5B61 /* SignUpViewController.swift */; };
		306D8930210F0C6900CF5B61 /* HomeViewViewController.swift in Sources */ = {isa = PBXBuildFile; fileRef = 306D892F210F0C6900CF5B61 /* HomeViewViewController.swift */; };
		306D8932210F0F8200CF5B61 /* GoogleService-Info.plist in Resources */ = {isa = PBXBuildFile; fileRef = 306D8931210F0F8200CF5B61 /* GoogleService-Info.plist */; };
		30B7943621130063006BE074 /* GradientView.swift in Sources */ = {isa = PBXBuildFile; fileRef = 30B7943521130063006BE074 /* GradientView.swift */; };
		30B794A421147F35006BE074 /* SetProfileViewController.swift in Sources */ = {isa = PBXBuildFile; fileRef = 30B794A321147F35006BE074 /* SetProfileViewController.swift */; };
		DE09CBD4BE843625EA2BA9A9 /* Pods_LoginTesting.framework in Frameworks */ = {isa = PBXBuildFile; fileRef = 9A32515413F0852906B2DA6A /* Pods_LoginTesting.framework */; };
/* End PBXBuildFile section */

/* Begin PBXFileReference section */
		03E4CFC24832BC7F397FDB65 /* Pods-LoginTesting.release.xcconfig */ = {isa = PBXFileReference; includeInIndex = 1; lastKnownFileType = text.xcconfig; name = "Pods-LoginTesting.release.xcconfig"; path = "Pods/Target Support Files/Pods-LoginTesting/Pods-LoginTesting.release.xcconfig"; sourceTree = "<group>"; };
		0D74A42EC93C3F0E2B230D8A /* Pods-LoginTesting.debug.xcconfig */ = {isa = PBXFileReference; includeInIndex = 1; lastKnownFileType = text.xcconfig; name = "Pods-LoginTesting.debug.xcconfig"; path = "Pods/Target Support Files/Pods-LoginTesting/Pods-LoginTesting.debug.xcconfig"; sourceTree = "<group>"; };
		306D8916210F08A900CF5B61 /* LoginTesting.app */ = {isa = PBXFileReference; explicitFileType = wrapper.application; includeInIndex = 0; path = LoginTesting.app; sourceTree = BUILT_PRODUCTS_DIR; };
		306D8919210F08A900CF5B61 /* AppDelegate.swift */ = {isa = PBXFileReference; lastKnownFileType = sourcecode.swift; path = AppDelegate.swift; sourceTree = "<group>"; };
		306D891B210F08AA00CF5B61 /* ViewController.swift */ = {isa = PBXFileReference; lastKnownFileType = sourcecode.swift; path = ViewController.swift; sourceTree = "<group>"; };
		306D891E210F08AA00CF5B61 /* Base */ = {isa = PBXFileReference; lastKnownFileType = file.storyboard; name = Base; path = Base.lproj/Main.storyboard; sourceTree = "<group>"; };
		306D8920210F08AB00CF5B61 /* Assets.xcassets */ = {isa = PBXFileReference; lastKnownFileType = folder.assetcatalog; path = Assets.xcassets; sourceTree = "<group>"; };
		306D8923210F08AB00CF5B61 /* Base */ = {isa = PBXFileReference; lastKnownFileType = file.storyboard; name = Base; path = Base.lproj/LaunchScreen.storyboard; sourceTree = "<group>"; };
		306D8925210F08AB00CF5B61 /* Info.plist */ = {isa = PBXFileReference; lastKnownFileType = text.plist.xml; path = Info.plist; sourceTree = "<group>"; };
		306D892B210F0C4B00CF5B61 /* LoginViewController.swift */ = {isa = PBXFileReference; lastKnownFileType = sourcecode.swift; path = LoginViewController.swift; sourceTree = "<group>"; };
		306D892D210F0C5900CF5B61 /* SignUpViewController.swift */ = {isa = PBXFileReference; lastKnownFileType = sourcecode.swift; path = SignUpViewController.swift; sourceTree = "<group>"; };
		306D892F210F0C6900CF5B61 /* HomeViewViewController.swift */ = {isa = PBXFileReference; lastKnownFileType = sourcecode.swift; path = HomeViewViewController.swift; sourceTree = "<group>"; };
		306D8931210F0F8200CF5B61 /* GoogleService-Info.plist */ = {isa = PBXFileReference; fileEncoding = 4; lastKnownFileType = text.plist.xml; path = "GoogleService-Info.plist"; sourceTree = "<group>"; };
		30B794082112DD8F006BE074 /* LoginTesting.entitlements */ = {isa = PBXFileReference; lastKnownFileType = text.plist.entitlements; path = LoginTesting.entitlements; sourceTree = "<group>"; };
		30B7943521130063006BE074 /* GradientView.swift */ = {isa = PBXFileReference; fileEncoding = 4; lastKnownFileType = sourcecode.swift; path = GradientView.swift; sourceTree = "<group>"; };
		30B794A321147F35006BE074 /* SetProfileViewController.swift */ = {isa = PBXFileReference; lastKnownFileType = sourcecode.swift; path = SetProfileViewController.swift; sourceTree = "<group>"; };
		9A32515413F0852906B2DA6A /* Pods_LoginTesting.framework */ = {isa = PBXFileReference; explicitFileType = wrapper.framework; includeInIndex = 0; path = Pods_LoginTesting.framework; sourceTree = BUILT_PRODUCTS_DIR; };
/* End PBXFileReference section */

/* Begin PBXFrameworksBuildPhase section */
		306D8913210F08A900CF5B61 /* Frameworks */ = {
			isa = PBXFrameworksBuildPhase;
			buildActionMask = 2147483647;
			files = (
				DE09CBD4BE843625EA2BA9A9 /* Pods_LoginTesting.framework in Frameworks */,
			);
			runOnlyForDeploymentPostprocessing = 0;
		};
/* End PBXFrameworksBuildPhase section */

/* Begin PBXGroup section */
		306D890D210F08A900CF5B61 = {
			isa = PBXGroup;
			children = (
				306D8918210F08A900CF5B61 /* LoginTesting */,
				306D8917210F08A900CF5B61 /* Products */,
				E55AACB9722FF6A472CE9D87 /* Pods */,
				5039117A85DD49E7D08DE472 /* Frameworks */,
			);
			sourceTree = "<group>";
		};
		306D8917210F08A900CF5B61 /* Products */ = {
			isa = PBXGroup;
			children = (
				306D8916210F08A900CF5B61 /* LoginTesting.app */,
			);
			name = Products;
			sourceTree = "<group>";
		};
		306D8918210F08A900CF5B61 /* LoginTesting */ = {
			isa = PBXGroup;
			children = (
				30B794082112DD8F006BE074 /* LoginTesting.entitlements */,
				306D8919210F08A900CF5B61 /* AppDelegate.swift */,
				306D891B210F08AA00CF5B61 /* ViewController.swift */,
				306D891D210F08AA00CF5B61 /* Main.storyboard */,
				306D8920210F08AB00CF5B61 /* Assets.xcassets */,
				306D8922210F08AB00CF5B61 /* LaunchScreen.storyboard */,
				306D8925210F08AB00CF5B61 /* Info.plist */,
				306D8931210F0F8200CF5B61 /* GoogleService-Info.plist */,
				306D892B210F0C4B00CF5B61 /* LoginViewController.swift */,
				30B7943521130063006BE074 /* GradientView.swift */,
				306D892D210F0C5900CF5B61 /* SignUpViewController.swift */,
				306D892F210F0C6900CF5B61 /* HomeViewViewController.swift */,
				30B794A321147F35006BE074 /* SetProfileViewController.swift */,
			);
			path = LoginTesting;
			sourceTree = "<group>";
		};
		5039117A85DD49E7D08DE472 /* Frameworks */ = {
			isa = PBXGroup;
			children = (
				9A32515413F0852906B2DA6A /* Pods_LoginTesting.framework */,
			);
			name = Frameworks;
			sourceTree = "<group>";
		};
		E55AACB9722FF6A472CE9D87 /* Pods */ = {
			isa = PBXGroup;
			children = (
				0D74A42EC93C3F0E2B230D8A /* Pods-LoginTesting.debug.xcconfig */,
				03E4CFC24832BC7F397FDB65 /* Pods-LoginTesting.release.xcconfig */,
			);
			name = Pods;
			sourceTree = "<group>";
		};
/* End PBXGroup section */

/* Begin PBXNativeTarget section */
		306D8915210F08A900CF5B61 /* LoginTesting */ = {
			isa = PBXNativeTarget;
			buildConfigurationList = 306D8928210F08AB00CF5B61 /* Build configuration list for PBXNativeTarget "LoginTesting" */;
			buildPhases = (
				D5399B9B6CD2E6E5D66E4244 /* [CP] Check Pods Manifest.lock */,
				306D8912210F08A900CF5B61 /* Sources */,
				306D8913210F08A900CF5B61 /* Frameworks */,
				306D8914210F08A900CF5B61 /* Resources */,
				5A5C8FEE633BD05D65FE06B1 /* [CP] Embed Pods Frameworks */,
				FDCC37ACA9021A0C5F1CF48E /* [CP] Copy Pods Resources */,
			);
			buildRules = (
			);
			dependencies = (
			);
			name = LoginTesting;
			productName = LoginTesting;
			productReference = 306D8916210F08A900CF5B61 /* LoginTesting.app */;
			productType = "com.apple.product-type.application";
		};
/* End PBXNativeTarget section */

/* Begin PBXProject section */
		306D890E210F08A900CF5B61 /* Project object */ = {
			isa = PBXProject;
			attributes = {
				LastSwiftUpdateCheck = 0940;
				LastUpgradeCheck = 0940;
				ORGANIZATIONNAME = Saeed;
				TargetAttributes = {
					306D8915210F08A900CF5B61 = {
						CreatedOnToolsVersion = 9.4.1;
						SystemCapabilities = {
							com.apple.ApplicationGroups.iOS = {
								enabled = 0;
							};
							com.apple.BackgroundModes = {
								enabled = 1;
							};
							com.apple.ClassKit = {
								enabled = 0;
							};
						};
					};
				};
			};
			buildConfigurationList = 306D8911210F08A900CF5B61 /* Build configuration list for PBXProject "LoginTesting" */;
			compatibilityVersion = "Xcode 9.3";
			developmentRegion = en;
			hasScannedForEncodings = 0;
			knownRegions = (
				en,
				Base,
			);
			mainGroup = 306D890D210F08A900CF5B61;
			productRefGroup = 306D8917210F08A900CF5B61 /* Products */;
			projectDirPath = "";
			projectRoot = "";
			targets = (
				306D8915210F08A900CF5B61 /* LoginTesting */,
			);
		};
/* End PBXProject section */

/* Begin PBXResourcesBuildPhase section */
		306D8914210F08A900CF5B61 /* Resources */ = {
			isa = PBXResourcesBuildPhase;
			buildActionMask = 2147483647;
			files = (
				306D8924210F08AB00CF5B61 /* LaunchScreen.storyboard in Resources */,
				306D8921210F08AB00CF5B61 /* Assets.xcassets in Resources */,
				306D891F210F08AA00CF5B61 /* Main.storyboard in Resources */,
				306D8932210F0F8200CF5B61 /* GoogleService-Info.plist in Resources */,
			);
			runOnlyForDeploymentPostprocessing = 0;
		};
/* End PBXResourcesBuildPhase section */

/* Begin PBXShellScriptBuildPhase section */
		5A5C8FEE633BD05D65FE06B1 /* [CP] Embed Pods Frameworks */ = {
			isa = PBXShellScriptBuildPhase;
			buildActionMask = 2147483647;
			files = (
			);
			inputPaths = (
				"${SRCROOT}/Pods/Target Support Files/Pods-LoginTesting/Pods-LoginTesting-frameworks.sh",
				"${BUILT_PRODUCTS_DIR}/Bolts/Bolts.framework",
				"${BUILT_PRODUCTS_DIR}/BoringSSL/openssl.framework",
				"${BUILT_PRODUCTS_DIR}/FBSDKCoreKit/FBSDKCoreKit.framework",
				"${BUILT_PRODUCTS_DIR}/FBSDKLoginKit/FBSDKLoginKit.framework",
				"${BUILT_PRODUCTS_DIR}/GTMOAuth2/GTMOAuth2.framework",
				"${BUILT_PRODUCTS_DIR}/GTMSessionFetcher/GTMSessionFetcher.framework",
				"${BUILT_PRODUCTS_DIR}/GoogleToolboxForMac/GoogleToolboxForMac.framework",
				"${BUILT_PRODUCTS_DIR}/Protobuf/Protobuf.framework",
				"${BUILT_PRODUCTS_DIR}/SDWebImage/SDWebImage.framework",
				"${PODS_ROOT}/TwitterCore/iOS/TwitterCore.framework",
				"${PODS_ROOT}/TwitterKit/iOS/TwitterKit.framework",
				"${BUILT_PRODUCTS_DIR}/gRPC/GRPCClient.framework",
				"${BUILT_PRODUCTS_DIR}/gRPC-Core/grpc.framework",
				"${BUILT_PRODUCTS_DIR}/gRPC-ProtoRPC/ProtoRPC.framework",
				"${BUILT_PRODUCTS_DIR}/gRPC-RxLibrary/RxLibrary.framework",
				"${BUILT_PRODUCTS_DIR}/leveldb-library/leveldb.framework",
				"${BUILT_PRODUCTS_DIR}/nanopb/nanopb.framework",
			);
			name = "[CP] Embed Pods Frameworks";
			outputPaths = (
				"${TARGET_BUILD_DIR}/${FRAMEWORKS_FOLDER_PATH}/Bolts.framework",
				"${TARGET_BUILD_DIR}/${FRAMEWORKS_FOLDER_PATH}/openssl.framework",
				"${TARGET_BUILD_DIR}/${FRAMEWORKS_FOLDER_PATH}/FBSDKCoreKit.framework",
				"${TARGET_BUILD_DIR}/${FRAMEWORKS_FOLDER_PATH}/FBSDKLoginKit.framework",
				"${TARGET_BUILD_DIR}/${FRAMEWORKS_FOLDER_PATH}/GTMOAuth2.framework",
				"${TARGET_BUILD_DIR}/${FRAMEWORKS_FOLDER_PATH}/GTMSessionFetcher.framework",
				"${TARGET_BUILD_DIR}/${FRAMEWORKS_FOLDER_PATH}/GoogleToolboxForMac.framework",
				"${TARGET_BUILD_DIR}/${FRAMEWORKS_FOLDER_PATH}/Protobuf.framework",
				"${TARGET_BUILD_DIR}/${FRAMEWORKS_FOLDER_PATH}/SDWebImage.framework",
				"${TARGET_BUILD_DIR}/${FRAMEWORKS_FOLDER_PATH}/TwitterCore.framework",
				"${TARGET_BUILD_DIR}/${FRAMEWORKS_FOLDER_PATH}/TwitterKit.framework",
				"${TARGET_BUILD_DIR}/${FRAMEWORKS_FOLDER_PATH}/GRPCClient.framework",
				"${TARGET_BUILD_DIR}/${FRAMEWORKS_FOLDER_PATH}/grpc.framework",
				"${TARGET_BUILD_DIR}/${FRAMEWORKS_FOLDER_PATH}/ProtoRPC.framework",
				"${TARGET_BUILD_DIR}/${FRAMEWORKS_FOLDER_PATH}/RxLibrary.framework",
				"${TARGET_BUILD_DIR}/${FRAMEWORKS_FOLDER_PATH}/leveldb.framework",
				"${TARGET_BUILD_DIR}/${FRAMEWORKS_FOLDER_PATH}/nanopb.framework",
			);
			runOnlyForDeploymentPostprocessing = 0;
			shellPath = /bin/sh;
			shellScript = "\"${SRCROOT}/Pods/Target Support Files/Pods-LoginTesting/Pods-LoginTesting-frameworks.sh\"\n";
			showEnvVarsInLog = 0;
		};
		D5399B9B6CD2E6E5D66E4244 /* [CP] Check Pods Manifest.lock */ = {
			isa = PBXShellScriptBuildPhase;
			buildActionMask = 2147483647;
			files = (
			);
			inputPaths = (
				"${PODS_PODFILE_DIR_PATH}/Podfile.lock",
				"${PODS_ROOT}/Manifest.lock",
			);
			name = "[CP] Check Pods Manifest.lock";
			outputPaths = (
				"$(DERIVED_FILE_DIR)/Pods-LoginTesting-checkManifestLockResult.txt",
			);
			runOnlyForDeploymentPostprocessing = 0;
			shellPath = /bin/sh;
			shellScript = "diff \"${PODS_PODFILE_DIR_PATH}/Podfile.lock\" \"${PODS_ROOT}/Manifest.lock\" > /dev/null\nif [ $? != 0 ] ; then\n    # print error to STDERR\n    echo \"error: The sandbox is not in sync with the Podfile.lock. Run 'pod install' or update your CocoaPods installation.\" >&2\n    exit 1\nfi\n# This output is used by Xcode 'outputs' to avoid re-running this script phase.\necho \"SUCCESS\" > \"${SCRIPT_OUTPUT_FILE_0}\"\n";
			showEnvVarsInLog = 0;
		};
		FDCC37ACA9021A0C5F1CF48E /* [CP] Copy Pods Resources */ = {
			isa = PBXShellScriptBuildPhase;
			buildActionMask = 2147483647;
			files = (
			);
			inputPaths = (
				"${SRCROOT}/Pods/Target Support Files/Pods-LoginTesting/Pods-LoginTesting-resources.sh",
				"${PODS_CONFIGURATION_BUILD_DIR}/FirebaseUI/FirebaseAuthUI.bundle",
				"${PODS_CONFIGURATION_BUILD_DIR}/FirebaseUI/FirebaseFacebookAuthUI.bundle",
				"${PODS_CONFIGURATION_BUILD_DIR}/FirebaseUI/FirebaseGoogleAuthUI.bundle",
				"${PODS_CONFIGURATION_BUILD_DIR}/FirebaseUI/FirebasePhoneAuthUI.bundle",
				"${PODS_CONFIGURATION_BUILD_DIR}/FirebaseUI/FirebaseTwitterAuthUI.bundle",
				"${PODS_ROOT}/GoogleSignIn/Resources/GoogleSignIn.bundle",
				"${PODS_ROOT}/TwitterKit/iOS/TwitterKit.framework/TwitterKitResources.bundle",
			);
			name = "[CP] Copy Pods Resources";
			outputPaths = (
				"${TARGET_BUILD_DIR}/${UNLOCALIZED_RESOURCES_FOLDER_PATH}/FirebaseAuthUI.bundle",
				"${TARGET_BUILD_DIR}/${UNLOCALIZED_RESOURCES_FOLDER_PATH}/FirebaseFacebookAuthUI.bundle",
				"${TARGET_BUILD_DIR}/${UNLOCALIZED_RESOURCES_FOLDER_PATH}/FirebaseGoogleAuthUI.bundle",
				"${TARGET_BUILD_DIR}/${UNLOCALIZED_RESOURCES_FOLDER_PATH}/FirebasePhoneAuthUI.bundle",
				"${TARGET_BUILD_DIR}/${UNLOCALIZED_RESOURCES_FOLDER_PATH}/FirebaseTwitterAuthUI.bundle",
				"${TARGET_BUILD_DIR}/${UNLOCALIZED_RESOURCES_FOLDER_PATH}/GoogleSignIn.bundle",
				"${TARGET_BUILD_DIR}/${UNLOCALIZED_RESOURCES_FOLDER_PATH}/TwitterKitResources.bundle",
			);
			runOnlyForDeploymentPostprocessing = 0;
			shellPath = /bin/sh;
			shellScript = "\"${SRCROOT}/Pods/Target Support Files/Pods-LoginTesting/Pods-LoginTesting-resources.sh\"\n";
			showEnvVarsInLog = 0;
		};
/* End PBXShellScriptBuildPhase section */

/* Begin PBXSourcesBuildPhase section */
		306D8912210F08A900CF5B61 /* Sources */ = {
			isa = PBXSourcesBuildPhase;
			buildActionMask = 2147483647;
			files = (
				306D892C210F0C4B00CF5B61 /* LoginViewController.swift in Sources */,
				306D891C210F08AA00CF5B61 /* ViewController.swift in Sources */,
				30B7943621130063006BE074 /* GradientView.swift in Sources */,
				30B794A421147F35006BE074 /* SetProfileViewController.swift in Sources */,
				306D892E210F0C5900CF5B61 /* SignUpViewController.swift in Sources */,
				306D8930210F0C6900CF5B61 /* HomeViewViewController.swift in Sources */,
				306D891A210F08A900CF5B61 /* AppDelegate.swift in Sources */,
			);
			runOnlyForDeploymentPostprocessing = 0;
		};
/* End PBXSourcesBuildPhase section */

/* Begin PBXVariantGroup section */
		306D891D210F08AA00CF5B61 /* Main.storyboard */ = {
			isa = PBXVariantGroup;
			children = (
				306D891E210F08AA00CF5B61 /* Base */,
			);
			name = Main.storyboard;
			sourceTree = "<group>";
		};
		306D8922210F08AB00CF5B61 /* LaunchScreen.storyboard */ = {
			isa = PBXVariantGroup;
			children = (
				306D8923210F08AB00CF5B61 /* Base */,
			);
			name = LaunchScreen.storyboard;
			sourceTree = "<group>";
		};
/* End PBXVariantGroup section */

/* Begin XCBuildConfiguration section */
		306D8926210F08AB00CF5B61 /* Debug */ = {
			isa = XCBuildConfiguration;
			buildSettings = {
				ALWAYS_SEARCH_USER_PATHS = NO;
				CLANG_ANALYZER_NONNULL = YES;
				CLANG_ANALYZER_NUMBER_OBJECT_CONVERSION = YES_AGGRESSIVE;
				CLANG_CXX_LANGUAGE_STANDARD = "gnu++14";
				CLANG_CXX_LIBRARY = "libc++";
				CLANG_ENABLE_MODULES = YES;
				CLANG_ENABLE_OBJC_ARC = YES;
				CLANG_ENABLE_OBJC_WEAK = YES;
				CLANG_WARN_BLOCK_CAPTURE_AUTORELEASING = YES;
				CLANG_WARN_BOOL_CONVERSION = YES;
				CLANG_WARN_COMMA = YES;
				CLANG_WARN_CONSTANT_CONVERSION = YES;
				CLANG_WARN_DEPRECATED_OBJC_IMPLEMENTATIONS = YES;
				CLANG_WARN_DIRECT_OBJC_ISA_USAGE = YES_ERROR;
				CLANG_WARN_DOCUMENTATION_COMMENTS = YES;
				CLANG_WARN_EMPTY_BODY = YES;
				CLANG_WARN_ENUM_CONVERSION = YES;
				CLANG_WARN_INFINITE_RECURSION = YES;
				CLANG_WARN_INT_CONVERSION = YES;
				CLANG_WARN_NON_LITERAL_NULL_CONVERSION = YES;
				CLANG_WARN_OBJC_IMPLICIT_RETAIN_SELF = YES;
				CLANG_WARN_OBJC_LITERAL_CONVERSION = YES;
				CLANG_WARN_OBJC_ROOT_CLASS = YES_ERROR;
				CLANG_WARN_RANGE_LOOP_ANALYSIS = YES;
				CLANG_WARN_STRICT_PROTOTYPES = YES;
				CLANG_WARN_SUSPICIOUS_MOVE = YES;
				CLANG_WARN_UNGUARDED_AVAILABILITY = YES_AGGRESSIVE;
				CLANG_WARN_UNREACHABLE_CODE = YES;
				CLANG_WARN__DUPLICATE_METHOD_MATCH = YES;
				CODE_SIGN_IDENTITY = "iPhone Developer";
				COPY_PHASE_STRIP = NO;
				DEBUG_INFORMATION_FORMAT = dwarf;
				ENABLE_STRICT_OBJC_MSGSEND = YES;
				ENABLE_TESTABILITY = YES;
				GCC_C_LANGUAGE_STANDARD = gnu11;
				GCC_DYNAMIC_NO_PIC = NO;
				GCC_NO_COMMON_BLOCKS = YES;
				GCC_OPTIMIZATION_LEVEL = 0;
				GCC_PREPROCESSOR_DEFINITIONS = (
					"DEBUG=1",
					"$(inherited)",
				);
				GCC_WARN_64_TO_32_BIT_CONVERSION = YES;
				GCC_WARN_ABOUT_RETURN_TYPE = YES_ERROR;
				GCC_WARN_UNDECLARED_SELECTOR = YES;
				GCC_WARN_UNINITIALIZED_AUTOS = YES_AGGRESSIVE;
				GCC_WARN_UNUSED_FUNCTION = YES;
				GCC_WARN_UNUSED_VARIABLE = YES;
				IPHONEOS_DEPLOYMENT_TARGET = 11.4;
				MTL_ENABLE_DEBUG_INFO = YES;
				ONLY_ACTIVE_ARCH = YES;
				SDKROOT = iphoneos;
				SWIFT_ACTIVE_COMPILATION_CONDITIONS = DEBUG;
				SWIFT_OPTIMIZATION_LEVEL = "-Onone";
			};
			name = Debug;
		};
		306D8927210F08AB00CF5B61 /* Release */ = {
			isa = XCBuildConfiguration;
			buildSettings = {
				ALWAYS_SEARCH_USER_PATHS = NO;
				CLANG_ANALYZER_NONNULL = YES;
				CLANG_ANALYZER_NUMBER_OBJECT_CONVERSION = YES_AGGRESSIVE;
				CLANG_CXX_LANGUAGE_STANDARD = "gnu++14";
				CLANG_CXX_LIBRARY = "libc++";
				CLANG_ENABLE_MODULES = YES;
				CLANG_ENABLE_OBJC_ARC = YES;
				CLANG_ENABLE_OBJC_WEAK = YES;
				CLANG_WARN_BLOCK_CAPTURE_AUTORELEASING = YES;
				CLANG_WARN_BOOL_CONVERSION = YES;
				CLANG_WARN_COMMA = YES;
				CLANG_WARN_CONSTANT_CONVERSION = YES;
				CLANG_WARN_DEPRECATED_OBJC_IMPLEMENTATIONS = YES;
				CLANG_WARN_DIRECT_OBJC_ISA_USAGE = YES_ERROR;
				CLANG_WARN_DOCUMENTATION_COMMENTS = YES;
				CLANG_WARN_EMPTY_BODY = YES;
				CLANG_WARN_ENUM_CONVERSION = YES;
				CLANG_WARN_INFINITE_RECURSION = YES;
				CLANG_WARN_INT_CONVERSION = YES;
				CLANG_WARN_NON_LITERAL_NULL_CONVERSION = YES;
				CLANG_WARN_OBJC_IMPLICIT_RETAIN_SELF = YES;
				CLANG_WARN_OBJC_LITERAL_CONVERSION = YES;
				CLANG_WARN_OBJC_ROOT_CLASS = YES_ERROR;
				CLANG_WARN_RANGE_LOOP_ANALYSIS = YES;
				CLANG_WARN_STRICT_PROTOTYPES = YES;
				CLANG_WARN_SUSPICIOUS_MOVE = YES;
				CLANG_WARN_UNGUARDED_AVAILABILITY = YES_AGGRESSIVE;
				CLANG_WARN_UNREACHABLE_CODE = YES;
				CLANG_WARN__DUPLICATE_METHOD_MATCH = YES;
				CODE_SIGN_IDENTITY = "iPhone Developer";
				COPY_PHASE_STRIP = NO;
				DEBUG_INFORMATION_FORMAT = "dwarf-with-dsym";
				ENABLE_NS_ASSERTIONS = NO;
				ENABLE_STRICT_OBJC_MSGSEND = YES;
				GCC_C_LANGUAGE_STANDARD = gnu11;
				GCC_NO_COMMON_BLOCKS = YES;
				GCC_WARN_64_TO_32_BIT_CONVERSION = YES;
				GCC_WARN_ABOUT_RETURN_TYPE = YES_ERROR;
				GCC_WARN_UNDECLARED_SELECTOR = YES;
				GCC_WARN_UNINITIALIZED_AUTOS = YES_AGGRESSIVE;
				GCC_WARN_UNUSED_FUNCTION = YES;
				GCC_WARN_UNUSED_VARIABLE = YES;
				IPHONEOS_DEPLOYMENT_TARGET = 11.4;
				MTL_ENABLE_DEBUG_INFO = NO;
				SDKROOT = iphoneos;
				SWIFT_COMPILATION_MODE = wholemodule;
				SWIFT_OPTIMIZATION_LEVEL = "-O";
				VALIDATE_PRODUCT = YES;
			};
			name = Release;
		};
		306D8929210F08AB00CF5B61 /* Debug */ = {
			isa = XCBuildConfiguration;
			baseConfigurationReference = 0D74A42EC93C3F0E2B230D8A /* Pods-LoginTesting.debug.xcconfig */;
			buildSettings = {
				ASSETCATALOG_COMPILER_APPICON_NAME = AppIcon;
				CODE_SIGN_STYLE = Automatic;
				DEVELOPMENT_TEAM = P5479G8HE6;
				INFOPLIST_FILE = LoginTesting/Info.plist;
				LD_RUNPATH_SEARCH_PATHS = (
					"$(inherited)",
					"@executable_path/Frameworks",
				);
				PRODUCT_BUNDLE_IDENTIFIER = saeedalnuaimi.LoginTesting;
				PRODUCT_NAME = "$(TARGET_NAME)";
				SWIFT_VERSION = 4.0;
				TARGETED_DEVICE_FAMILY = "1,2";
			};
			name = Debug;
		};
		306D892A210F08AB00CF5B61 /* Release */ = {
			isa = XCBuildConfiguration;
			baseConfigurationReference = 03E4CFC24832BC7F397FDB65 /* Pods-LoginTesting.release.xcconfig */;
			buildSettings = {
				ASSETCATALOG_COMPILER_APPICON_NAME = AppIcon;
				CODE_SIGN_STYLE = Automatic;
				DEVELOPMENT_TEAM = P5479G8HE6;
				INFOPLIST_FILE = LoginTesting/Info.plist;
				LD_RUNPATH_SEARCH_PATHS = (
					"$(inherited)",
					"@executable_path/Frameworks",
				);
				PRODUCT_BUNDLE_IDENTIFIER = saeedalnuaimi.LoginTesting;
				PRODUCT_NAME = "$(TARGET_NAME)";
				SWIFT_VERSION = 4.0;
				TARGETED_DEVICE_FAMILY = "1,2";
			};
			name = Release;
		};
/* End XCBuildConfiguration section */

/* Begin XCConfigurationList section */
		306D8911210F08A900CF5B61 /* Build configuration list for PBXProject "LoginTesting" */ = {
			isa = XCConfigurationList;
			buildConfigurations = (
				306D8926210F08AB00CF5B61 /* Debug */,
				306D8927210F08AB00CF5B61 /* Release */,
			);
			defaultConfigurationIsVisible = 0;
			defaultConfigurationName = Release;
		};
		306D8928210F08AB00CF5B61 /* Build configuration list for PBXNativeTarget "LoginTesting" */ = {
			isa = XCConfigurationList;
			buildConfigurations = (
				306D8929210F08AB00CF5B61 /* Debug */,
				306D892A210F08AB00CF5B61 /* Release */,
			);
			defaultConfigurationIsVisible = 0;
			defaultConfigurationName = Release;
		};
/* End XCConfigurationList section */
	};
	rootObject = 306D890E210F08A900CF5B61 /* Project object */;
}
