// !$*UTF8*$!
{
	archiveVersion = 1;
	classes = {
	};
	objectVersion = 50;
	objects = {

/* Begin PBXBuildFile section */
		3066026E2105C2E40035C698 /* AppDelegate.swift in Sources */ = {isa = PBXBuildFile; fileRef = 3066026D2105C2E40035C698 /* AppDelegate.swift */; };
		306602702105C2E40035C698 /* ViewController.swift in Sources */ = {isa = PBXBuildFile; fileRef = 3066026F2105C2E40035C698 /* ViewController.swift */; };
		306602732105C2E40035C698 /* Main.storyboard in Resources */ = {isa = PBXBuildFile; fileRef = 306602712105C2E40035C698 /* Main.storyboard */; };
		306602752105C2E60035C698 /* Assets.xcassets in Resources */ = {isa = PBXBuildFile; fileRef = 306602742105C2E60035C698 /* Assets.xcassets */; };
		306602782105C2E60035C698 /* LaunchScreen.storyboard in Resources */ = {isa = PBXBuildFile; fileRef = 306602762105C2E60035C698 /* LaunchScreen.storyboard */; };
		306602822105C60D0035C698 /* StoriesTableViewController.swift in Sources */ = {isa = PBXBuildFile; fileRef = 306602812105C60D0035C698 /* StoriesTableViewController.swift */; };
		3066028A210601BF0035C698 /* DetailsViewController.swift in Sources */ = {isa = PBXBuildFile; fileRef = 30660289210601BF0035C698 /* DetailsViewController.swift */; };
		30911FB321075D490013A266 /* DetailedTableViewController.swift in Sources */ = {isa = PBXBuildFile; fileRef = 30911FB221075D490013A266 /* DetailedTableViewController.swift */; };
/* End PBXBuildFile section */

/* Begin PBXFileReference section */
		3066026A2105C2E40035C698 /* table view tut.app */ = {isa = PBXFileReference; explicitFileType = wrapper.application; includeInIndex = 0; path = "table view tut.app"; sourceTree = BUILT_PRODUCTS_DIR; };
		3066026D2105C2E40035C698 /* AppDelegate.swift */ = {isa = PBXFileReference; lastKnownFileType = sourcecode.swift; path = AppDelegate.swift; sourceTree = "<group>"; };
		3066026F2105C2E40035C698 /* ViewController.swift */ = {isa = PBXFileReference; lastKnownFileType = sourcecode.swift; path = ViewController.swift; sourceTree = "<group>"; };
		306602722105C2E40035C698 /* Base */ = {isa = PBXFileReference; lastKnownFileType = file.storyboard; name = Base; path = Base.lproj/Main.storyboard; sourceTree = "<group>"; };
		306602742105C2E60035C698 /* Assets.xcassets */ = {isa = PBXFileReference; lastKnownFileType = folder.assetcatalog; path = Assets.xcassets; sourceTree = "<group>"; };
		306602772105C2E60035C698 /* Base */ = {isa = PBXFileReference; lastKnownFileType = file.storyboard; name = Base; path = Base.lproj/LaunchScreen.storyboard; sourceTree = "<group>"; };
		306602792105C2E60035C698 /* Info.plist */ = {isa = PBXFileReference; lastKnownFileType = text.plist.xml; path = Info.plist; sourceTree = "<group>"; };
		306602812105C60D0035C698 /* StoriesTableViewController.swift */ = {isa = PBXFileReference; lastKnownFileType = sourcecode.swift; path = StoriesTableViewController.swift; sourceTree = "<group>"; };
		30660289210601BF0035C698 /* DetailsViewController.swift */ = {isa = PBXFileReference; lastKnownFileType = sourcecode.swift; path = DetailsViewController.swift; sourceTree = "<group>"; };
		30911FB221075D490013A266 /* DetailedTableViewController.swift */ = {isa = PBXFileReference; lastKnownFileType = sourcecode.swift; path = DetailedTableViewController.swift; sourceTree = "<group>"; };
/* End PBXFileReference section */

/* Begin PBXFrameworksBuildPhase section */
		306602672105C2E40035C698 /* Frameworks */ = {
			isa = PBXFrameworksBuildPhase;
			buildActionMask = 2147483647;
			files = (
			);
			runOnlyForDeploymentPostprocessing = 0;
		};
/* End PBXFrameworksBuildPhase section */

/* Begin PBXGroup section */
		306602612105C2E40035C698 = {
			isa = PBXGroup;
			children = (
				3066026C2105C2E40035C698 /* table view tut */,
				3066026B2105C2E40035C698 /* Products */,
			);
			sourceTree = "<group>";
		};
		3066026B2105C2E40035C698 /* Products */ = {
			isa = PBXGroup;
			children = (
				3066026A2105C2E40035C698 /* table view tut.app */,
			);
			name = Products;
			sourceTree = "<group>";
		};
		3066026C2105C2E40035C698 /* table view tut */ = {
			isa = PBXGroup;
			children = (
				3066026D2105C2E40035C698 /* AppDelegate.swift */,
				306602812105C60D0035C698 /* StoriesTableViewController.swift */,
				30660289210601BF0035C698 /* DetailsViewController.swift */,
				3066026F2105C2E40035C698 /* ViewController.swift */,
				306602712105C2E40035C698 /* Main.storyboard */,
				306602742105C2E60035C698 /* Assets.xcassets */,
				306602762105C2E60035C698 /* LaunchScreen.storyboard */,
				306602792105C2E60035C698 /* Info.plist */,
				30911FB221075D490013A266 /* DetailedTableViewController.swift */,
			);
			path = "table view tut";
			sourceTree = "<group>";
		};
/* End PBXGroup section */

/* Begin PBXNativeTarget section */
		306602692105C2E40035C698 /* table view tut */ = {
			isa = PBXNativeTarget;
			buildConfigurationList = 3066027C2105C2E60035C698 /* Build configuration list for PBXNativeTarget "table view tut" */;
			buildPhases = (
				306602662105C2E40035C698 /* Sources */,
				306602672105C2E40035C698 /* Frameworks */,
				306602682105C2E40035C698 /* Resources */,
			);
			buildRules = (
			);
			dependencies = (
			);
			name = "table view tut";
			productName = "table view tut";
			productReference = 3066026A2105C2E40035C698 /* table view tut.app */;
			productType = "com.apple.product-type.application";
		};
/* End PBXNativeTarget section */

/* Begin PBXProject section */
		306602622105C2E40035C698 /* Project object */ = {
			isa = PBXProject;
			attributes = {
				LastSwiftUpdateCheck = 0940;
				LastUpgradeCheck = 0940;
				ORGANIZATIONNAME = Saeed;
				TargetAttributes = {
					306602692105C2E40035C698 = {
						CreatedOnToolsVersion = 9.4.1;
					};
				};
			};
			buildConfigurationList = 306602652105C2E40035C698 /* Build configuration list for PBXProject "table view tut" */;
			compatibilityVersion = "Xcode 9.3";
			developmentRegion = en;
			hasScannedForEncodings = 0;
			knownRegions = (
				en,
				Base,
			);
			mainGroup = 306602612105C2E40035C698;
			productRefGroup = 3066026B2105C2E40035C698 /* Products */;
			projectDirPath = "";
			projectRoot = "";
			targets = (
				306602692105C2E40035C698 /* table view tut */,
			);
		};
/* End PBXProject section */

/* Begin PBXResourcesBuildPhase section */
		306602682105C2E40035C698 /* Resources */ = {
			isa = PBXResourcesBuildPhase;
			buildActionMask = 2147483647;
			files = (
				306602782105C2E60035C698 /* LaunchScreen.storyboard in Resources */,
				306602752105C2E60035C698 /* Assets.xcassets in Resources */,
				306602732105C2E40035C698 /* Main.storyboard in Resources */,
			);
			runOnlyForDeploymentPostprocessing = 0;
		};
/* End PBXResourcesBuildPhase section */

/* Begin PBXSourcesBuildPhase section */
		306602662105C2E40035C698 /* Sources */ = {
			isa = PBXSourcesBuildPhase;
			buildActionMask = 2147483647;
			files = (
				306602822105C60D0035C698 /* StoriesTableViewController.swift in Sources */,
				306602702105C2E40035C698 /* ViewController.swift in Sources */,
				30911FB321075D490013A266 /* DetailedTableViewController.swift in Sources */,
				3066026E2105C2E40035C698 /* AppDelegate.swift in Sources */,
				3066028A210601BF0035C698 /* DetailsViewController.swift in Sources */,
			);
			runOnlyForDeploymentPostprocessing = 0;
		};
/* End PBXSourcesBuildPhase section */

/* Begin PBXVariantGroup section */
		306602712105C2E40035C698 /* Main.storyboard */ = {
			isa = PBXVariantGroup;
			children = (
				306602722105C2E40035C698 /* Base */,
			);
			name = Main.storyboard;
			sourceTree = "<group>";
		};
		306602762105C2E60035C698 /* LaunchScreen.storyboard */ = {
			isa = PBXVariantGroup;
			children = (
				306602772105C2E60035C698 /* Base */,
			);
			name = LaunchScreen.storyboard;
			sourceTree = "<group>";
		};
/* End PBXVariantGroup section */

/* Begin XCBuildConfiguration section */
		3066027A2105C2E60035C698 /* Debug */ = {
			isa = XCBuildConfiguration;
			buildSettings = {
				ALWAYS_SEARCH_USER_PATHS = NO;
				CLANG_ANALYZER_NONNULL = YES;
				CLANG_ANALYZER_NUMBER_OBJECT_CONVERSION = YES_AGGRESSIVE;
				CLANG_CXX_LANGUAGE_STANDARD = "gnu++14";
				CLANG_CXX_LIBRARY = "libc++";
				CLANG_ENABLE_MODULES = YES;
				CLANG_ENABLE_OBJC_ARC = YES;
				CLANG_ENABLE_OBJC_WEAK = YES;
				CLANG_WARN_BLOCK_CAPTURE_AUTORELEASING = YES;
				CLANG_WARN_BOOL_CONVERSION = YES;
				CLANG_WARN_COMMA = YES;
				CLANG_WARN_CONSTANT_CONVERSION = YES;
				CLANG_WARN_DEPRECATED_OBJC_IMPLEMENTATIONS = YES;
				CLANG_WARN_DIRECT_OBJC_ISA_USAGE = YES_ERROR;
				CLANG_WARN_DOCUMENTATION_COMMENTS = YES;
				CLANG_WARN_EMPTY_BODY = YES;
				CLANG_WARN_ENUM_CONVERSION = YES;
				CLANG_WARN_INFINITE_RECURSION = YES;
				CLANG_WARN_INT_CONVERSION = YES;
				CLANG_WARN_NON_LITERAL_NULL_CONVERSION = YES;
				CLANG_WARN_OBJC_IMPLICIT_RETAIN_SELF = YES;
				CLANG_WARN_OBJC_LITERAL_CONVERSION = YES;
				CLANG_WARN_OBJC_ROOT_CLASS = YES_ERROR;
				CLANG_WARN_RANGE_LOOP_ANALYSIS = YES;
				CLANG_WARN_STRICT_PROTOTYPES = YES;
				CLANG_WARN_SUSPICIOUS_MOVE = YES;
				CLANG_WARN_UNGUARDED_AVAILABILITY = YES_AGGRESSIVE;
				CLANG_WARN_UNREACHABLE_CODE = YES;
				CLANG_WARN__DUPLICATE_METHOD_MATCH = YES;
				CODE_SIGN_IDENTITY = "iPhone Developer";
				COPY_PHASE_STRIP = NO;
				DEBUG_INFORMATION_FORMAT = dwarf;
				ENABLE_STRICT_OBJC_MSGSEND = YES;
				ENABLE_TESTABILITY = YES;
				GCC_C_LANGUAGE_STANDARD = gnu11;
				GCC_DYNAMIC_NO_PIC = NO;
				GCC_NO_COMMON_BLOCKS = YES;
				GCC_OPTIMIZATION_LEVEL = 0;
				GCC_PREPROCESSOR_DEFINITIONS = (
					"DEBUG=1",
					"$(inherited)",
				);
				GCC_WARN_64_TO_32_BIT_CONVERSION = YES;
				GCC_WARN_ABOUT_RETURN_TYPE = YES_ERROR;
				GCC_WARN_UNDECLARED_SELECTOR = YES;
				GCC_WARN_UNINITIALIZED_AUTOS = YES_AGGRESSIVE;
				GCC_WARN_UNUSED_FUNCTION = YES;
				GCC_WARN_UNUSED_VARIABLE = YES;
				IPHONEOS_DEPLOYMENT_TARGET = 11.4;
				MTL_ENABLE_DEBUG_INFO = YES;
				ONLY_ACTIVE_ARCH = YES;
				SDKROOT = iphoneos;
				SWIFT_ACTIVE_COMPILATION_CONDITIONS = DEBUG;
				SWIFT_OPTIMIZATION_LEVEL = "-Onone";
			};
			name = Debug;
		};
		3066027B2105C2E60035C698 /* Release */ = {
			isa = XCBuildConfiguration;
			buildSettings = {
				ALWAYS_SEARCH_USER_PATHS = NO;
				CLANG_ANALYZER_NONNULL = YES;
				CLANG_ANALYZER_NUMBER_OBJECT_CONVERSION = YES_AGGRESSIVE;
				CLANG_CXX_LANGUAGE_STANDARD = "gnu++14";
				CLANG_CXX_LIBRARY = "libc++";
				CLANG_ENABLE_MODULES = YES;
				CLANG_ENABLE_OBJC_ARC = YES;
				CLANG_ENABLE_OBJC_WEAK = YES;
				CLANG_WARN_BLOCK_CAPTURE_AUTORELEASING = YES;
				CLANG_WARN_BOOL_CONVERSION = YES;
				CLANG_WARN_COMMA = YES;
				CLANG_WARN_CONSTANT_CONVERSION = YES;
				CLANG_WARN_DEPRECATED_OBJC_IMPLEMENTATIONS = YES;
				CLANG_WARN_DIRECT_OBJC_ISA_USAGE = YES_ERROR;
				CLANG_WARN_DOCUMENTATION_COMMENTS = YES;
				CLANG_WARN_EMPTY_BODY = YES;
				CLANG_WARN_ENUM_CONVERSION = YES;
				CLANG_WARN_INFINITE_RECURSION = YES;
				CLANG_WARN_INT_CONVERSION = YES;
				CLANG_WARN_NON_LITERAL_NULL_CONVERSION = YES;
				CLANG_WARN_OBJC_IMPLICIT_RETAIN_SELF = YES;
				CLANG_WARN_OBJC_LITERAL_CONVERSION = YES;
				CLANG_WARN_OBJC_ROOT_CLASS = YES_ERROR;
				CLANG_WARN_RANGE_LOOP_ANALYSIS = YES;
				CLANG_WARN_STRICT_PROTOTYPES = YES;
				CLANG_WARN_SUSPICIOUS_MOVE = YES;
				CLANG_WARN_UNGUARDED_AVAILABILITY = YES_AGGRESSIVE;
				CLANG_WARN_UNREACHABLE_CODE = YES;
				CLANG_WARN__DUPLICATE_METHOD_MATCH = YES;
				CODE_SIGN_IDENTITY = "iPhone Developer";
				COPY_PHASE_STRIP = NO;
				DEBUG_INFORMATION_FORMAT = "dwarf-with-dsym";
				ENABLE_NS_ASSERTIONS = NO;
				ENABLE_STRICT_OBJC_MSGSEND = YES;
				GCC_C_LANGUAGE_STANDARD = gnu11;
				GCC_NO_COMMON_BLOCKS = YES;
				GCC_WARN_64_TO_32_BIT_CONVERSION = YES;
				GCC_WARN_ABOUT_RETURN_TYPE = YES_ERROR;
				GCC_WARN_UNDECLARED_SELECTOR = YES;
				GCC_WARN_UNINITIALIZED_AUTOS = YES_AGGRESSIVE;
				GCC_WARN_UNUSED_FUNCTION = YES;
				GCC_WARN_UNUSED_VARIABLE = YES;
				IPHONEOS_DEPLOYMENT_TARGET = 11.4;
				MTL_ENABLE_DEBUG_INFO = NO;
				SDKROOT = iphoneos;
				SWIFT_COMPILATION_MODE = wholemodule;
				SWIFT_OPTIMIZATION_LEVEL = "-O";
				VALIDATE_PRODUCT = YES;
			};
			name = Release;
		};
		3066027D2105C2E60035C698 /* Debug */ = {
			isa = XCBuildConfiguration;
			buildSettings = {
				ASSETCATALOG_COMPILER_APPICON_NAME = AppIcon;
				CODE_SIGN_STYLE = Automatic;
				INFOPLIST_FILE = "table view tut/Info.plist";
				LD_RUNPATH_SEARCH_PATHS = (
					"$(inherited)",
					"@executable_path/Frameworks",
				);
				PRODUCT_BUNDLE_IDENTIFIER = "com.saeedalnuaimi.table-view-tut";
				PRODUCT_NAME = "$(TARGET_NAME)";
				SWIFT_VERSION = 4.0;
				TARGETED_DEVICE_FAMILY = "1,2";
			};
			name = Debug;
		};
		3066027E2105C2E60035C698 /* Release */ = {
			isa = XCBuildConfiguration;
			buildSettings = {
				ASSETCATALOG_COMPILER_APPICON_NAME = AppIcon;
				CODE_SIGN_STYLE = Automatic;
				INFOPLIST_FILE = "table view tut/Info.plist";
				LD_RUNPATH_SEARCH_PATHS = (
					"$(inherited)",
					"@executable_path/Frameworks",
				);
				PRODUCT_BUNDLE_IDENTIFIER = "com.saeedalnuaimi.table-view-tut";
				PRODUCT_NAME = "$(TARGET_NAME)";
				SWIFT_VERSION = 4.0;
				TARGETED_DEVICE_FAMILY = "1,2";
			};
			name = Release;
		};
/* End XCBuildConfiguration section */

/* Begin XCConfigurationList section */
		306602652105C2E40035C698 /* Build configuration list for PBXProject "table view tut" */ = {
			isa = XCConfigurationList;
			buildConfigurations = (
				3066027A2105C2E60035C698 /* Debug */,
				3066027B2105C2E60035C698 /* Release */,
			);
			defaultConfigurationIsVisible = 0;
			defaultConfigurationName = Release;
		};
		3066027C2105C2E60035C698 /* Build configuration list for PBXNativeTarget "table view tut" */ = {
			isa = XCConfigurationList;
			buildConfigurations = (
				3066027D2105C2E60035C698 /* Debug */,
				3066027E2105C2E60035C698 /* Release */,
			);
			defaultConfigurationIsVisible = 0;
			defaultConfigurationName = Release;
		};
/* End XCConfigurationList section */
	};
	rootObject = 306602622105C2E40035C698 /* Project object */;
}
