// !$*UTF8*$!
{
	archiveVersion = 1;
	classes = {
	};
	objectVersion = 50;
	objects = {

/* Begin PBXBuildFile section */
		30B794162112E78A006BE074 /* AppDelegate.swift in Sources */ = {isa = PBXBuildFile; fileRef = 30B794152112E78A006BE074 /* AppDelegate.swift */; };
		30B794182112E78A006BE074 /* ViewController.swift in Sources */ = {isa = PBXBuildFile; fileRef = 30B794172112E78A006BE074 /* ViewController.swift */; };
		30B7941B2112E78A006BE074 /* Main.storyboard in Resources */ = {isa = PBXBuildFile; fileRef = 30B794192112E78A006BE074 /* Main.storyboard */; };
		30B7941D2112E78B006BE074 /* Assets.xcassets in Resources */ = {isa = PBXBuildFile; fileRef = 30B7941C2112E78B006BE074 /* Assets.xcassets */; };
		30B794202112E78B006BE074 /* LaunchScreen.storyboard in Resources */ = {isa = PBXBuildFile; fileRef = 30B7941E2112E78B006BE074 /* LaunchScreen.storyboard */; };
		30B794282112E7BC006BE074 /* GoogleService-Info.plist in Resources */ = {isa = PBXBuildFile; fileRef = 30B794272112E7BC006BE074 /* GoogleService-Info.plist */; };
		30B7942A2112E8FD006BE074 /* StartUpViewController.swift in Sources */ = {isa = PBXBuildFile; fileRef = 30B794292112E8FD006BE074 /* StartUpViewController.swift */; };
		30B7943A211312F8006BE074 /* GradientView.swift in Sources */ = {isa = PBXBuildFile; fileRef = 30B79439211312F8006BE074 /* GradientView.swift */; };
		B00E8EE2EF58BAA2F9FC75F0 /* Pods_FilmApp.framework in Frameworks */ = {isa = PBXBuildFile; fileRef = 9ADD4F12D1256152A1F876EF /* Pods_FilmApp.framework */; };
/* End PBXBuildFile section */

/* Begin PBXFileReference section */
		30B794122112E78A006BE074 /* FilmApp.app */ = {isa = PBXFileReference; explicitFileType = wrapper.application; includeInIndex = 0; path = FilmApp.app; sourceTree = BUILT_PRODUCTS_DIR; };
		30B794152112E78A006BE074 /* AppDelegate.swift */ = {isa = PBXFileReference; lastKnownFileType = sourcecode.swift; path = AppDelegate.swift; sourceTree = "<group>"; };
		30B794172112E78A006BE074 /* ViewController.swift */ = {isa = PBXFileReference; lastKnownFileType = sourcecode.swift; path = ViewController.swift; sourceTree = "<group>"; };
		30B7941A2112E78A006BE074 /* Base */ = {isa = PBXFileReference; lastKnownFileType = file.storyboard; name = Base; path = Base.lproj/Main.storyboard; sourceTree = "<group>"; };
		30B7941C2112E78B006BE074 /* Assets.xcassets */ = {isa = PBXFileReference; lastKnownFileType = folder.assetcatalog; path = Assets.xcassets; sourceTree = "<group>"; };
		30B7941F2112E78B006BE074 /* Base */ = {isa = PBXFileReference; lastKnownFileType = file.storyboard; name = Base; path = Base.lproj/LaunchScreen.storyboard; sourceTree = "<group>"; };
		30B794212112E78B006BE074 /* Info.plist */ = {isa = PBXFileReference; lastKnownFileType = text.plist.xml; path = Info.plist; sourceTree = "<group>"; };
		30B794272112E7BC006BE074 /* GoogleService-Info.plist */ = {isa = PBXFileReference; fileEncoding = 4; lastKnownFileType = text.plist.xml; path = "GoogleService-Info.plist"; sourceTree = "<group>"; };
		30B794292112E8FD006BE074 /* StartUpViewController.swift */ = {isa = PBXFileReference; lastKnownFileType = sourcecode.swift; path = StartUpViewController.swift; sourceTree = "<group>"; };
		30B79439211312F8006BE074 /* GradientView.swift */ = {isa = PBXFileReference; fileEncoding = 4; lastKnownFileType = sourcecode.swift; path = GradientView.swift; sourceTree = "<group>"; };
		75C857233E03FACBB5A2F9A4 /* Pods-FilmApp.release.xcconfig */ = {isa = PBXFileReference; includeInIndex = 1; lastKnownFileType = text.xcconfig; name = "Pods-FilmApp.release.xcconfig"; path = "Pods/Target Support Files/Pods-FilmApp/Pods-FilmApp.release.xcconfig"; sourceTree = "<group>"; };
		9ADD4F12D1256152A1F876EF /* Pods_FilmApp.framework */ = {isa = PBXFileReference; explicitFileType = wrapper.framework; includeInIndex = 0; path = Pods_FilmApp.framework; sourceTree = BUILT_PRODUCTS_DIR; };
		BB2EE535E6B30096A4108128 /* Pods-FilmApp.debug.xcconfig */ = {isa = PBXFileReference; includeInIndex = 1; lastKnownFileType = text.xcconfig; name = "Pods-FilmApp.debug.xcconfig"; path = "Pods/Target Support Files/Pods-FilmApp/Pods-FilmApp.debug.xcconfig"; sourceTree = "<group>"; };
/* End PBXFileReference section */

/* Begin PBXFrameworksBuildPhase section */
		30B7940F2112E78A006BE074 /* Frameworks */ = {
			isa = PBXFrameworksBuildPhase;
			buildActionMask = 2147483647;
			files = (
				B00E8EE2EF58BAA2F9FC75F0 /* Pods_FilmApp.framework in Frameworks */,
			);
			runOnlyForDeploymentPostprocessing = 0;
		};
/* End PBXFrameworksBuildPhase section */

/* Begin PBXGroup section */
		30B794092112E78A006BE074 = {
			isa = PBXGroup;
			children = (
				30B794142112E78A006BE074 /* FilmApp */,
				30B794132112E78A006BE074 /* Products */,
				F5A2247C4853ABC17E427484 /* Pods */,
				A20F1B8C00D7CA4CB06E6ACD /* Frameworks */,
			);
			sourceTree = "<group>";
		};
		30B794132112E78A006BE074 /* Products */ = {
			isa = PBXGroup;
			children = (
				30B794122112E78A006BE074 /* FilmApp.app */,
			);
			name = Products;
			sourceTree = "<group>";
		};
		30B794142112E78A006BE074 /* FilmApp */ = {
			isa = PBXGroup;
			children = (
				30B79439211312F8006BE074 /* GradientView.swift */,
				30B794152112E78A006BE074 /* AppDelegate.swift */,
				30B794172112E78A006BE074 /* ViewController.swift */,
				30B794192112E78A006BE074 /* Main.storyboard */,
				30B7941C2112E78B006BE074 /* Assets.xcassets */,
				30B7941E2112E78B006BE074 /* LaunchScreen.storyboard */,
				30B794272112E7BC006BE074 /* GoogleService-Info.plist */,
				30B794212112E78B006BE074 /* Info.plist */,
				30B794292112E8FD006BE074 /* StartUpViewController.swift */,
			);
			path = FilmApp;
			sourceTree = "<group>";
		};
		A20F1B8C00D7CA4CB06E6ACD /* Frameworks */ = {
			isa = PBXGroup;
			children = (
				9ADD4F12D1256152A1F876EF /* Pods_FilmApp.framework */,
			);
			name = Frameworks;
			sourceTree = "<group>";
		};
		F5A2247C4853ABC17E427484 /* Pods */ = {
			isa = PBXGroup;
			children = (
				BB2EE535E6B30096A4108128 /* Pods-FilmApp.debug.xcconfig */,
				75C857233E03FACBB5A2F9A4 /* Pods-FilmApp.release.xcconfig */,
			);
			name = Pods;
			sourceTree = "<group>";
		};
/* End PBXGroup section */

/* Begin PBXNativeTarget section */
		30B794112112E78A006BE074 /* FilmApp */ = {
			isa = PBXNativeTarget;
			buildConfigurationList = 30B794242112E78B006BE074 /* Build configuration list for PBXNativeTarget "FilmApp" */;
			buildPhases = (
				4228D0FB206ECD4ABA7FD60D /* [CP] Check Pods Manifest.lock */,
				30B7940E2112E78A006BE074 /* Sources */,
				30B7940F2112E78A006BE074 /* Frameworks */,
				30B794102112E78A006BE074 /* Resources */,
				FC61FB7DBC82D439C0B117A2 /* [CP] Embed Pods Frameworks */,
			);
			buildRules = (
			);
			dependencies = (
			);
			name = FilmApp;
			productName = FilmApp;
			productReference = 30B794122112E78A006BE074 /* FilmApp.app */;
			productType = "com.apple.product-type.application";
		};
/* End PBXNativeTarget section */

/* Begin PBXProject section */
		30B7940A2112E78A006BE074 /* Project object */ = {
			isa = PBXProject;
			attributes = {
				LastSwiftUpdateCheck = 0940;
				LastUpgradeCheck = 0940;
				ORGANIZATIONNAME = Saeed;
				TargetAttributes = {
					30B794112112E78A006BE074 = {
						CreatedOnToolsVersion = 9.4.1;
					};
				};
			};
			buildConfigurationList = 30B7940D2112E78A006BE074 /* Build configuration list for PBXProject "FilmApp" */;
			compatibilityVersion = "Xcode 9.3";
			developmentRegion = en;
			hasScannedForEncodings = 0;
			knownRegions = (
				en,
				Base,
			);
			mainGroup = 30B794092112E78A006BE074;
			productRefGroup = 30B794132112E78A006BE074 /* Products */;
			projectDirPath = "";
			projectRoot = "";
			targets = (
				30B794112112E78A006BE074 /* FilmApp */,
			);
		};
/* End PBXProject section */

/* Begin PBXResourcesBuildPhase section */
		30B794102112E78A006BE074 /* Resources */ = {
			isa = PBXResourcesBuildPhase;
			buildActionMask = 2147483647;
			files = (
				30B794282112E7BC006BE074 /* GoogleService-Info.plist in Resources */,
				30B794202112E78B006BE074 /* LaunchScreen.storyboard in Resources */,
				30B7941D2112E78B006BE074 /* Assets.xcassets in Resources */,
				30B7941B2112E78A006BE074 /* Main.storyboard in Resources */,
			);
			runOnlyForDeploymentPostprocessing = 0;
		};
/* End PBXResourcesBuildPhase section */

/* Begin PBXShellScriptBuildPhase section */
		4228D0FB206ECD4ABA7FD60D /* [CP] Check Pods Manifest.lock */ = {
			isa = PBXShellScriptBuildPhase;
			buildActionMask = 2147483647;
			files = (
			);
			inputPaths = (
				"${PODS_PODFILE_DIR_PATH}/Podfile.lock",
				"${PODS_ROOT}/Manifest.lock",
			);
			name = "[CP] Check Pods Manifest.lock";
			outputPaths = (
				"$(DERIVED_FILE_DIR)/Pods-FilmApp-checkManifestLockResult.txt",
			);
			runOnlyForDeploymentPostprocessing = 0;
			shellPath = /bin/sh;
			shellScript = "diff \"${PODS_PODFILE_DIR_PATH}/Podfile.lock\" \"${PODS_ROOT}/Manifest.lock\" > /dev/null\nif [ $? != 0 ] ; then\n    # print error to STDERR\n    echo \"error: The sandbox is not in sync with the Podfile.lock. Run 'pod install' or update your CocoaPods installation.\" >&2\n    exit 1\nfi\n# This output is used by Xcode 'outputs' to avoid re-running this script phase.\necho \"SUCCESS\" > \"${SCRIPT_OUTPUT_FILE_0}\"\n";
			showEnvVarsInLog = 0;
		};
		FC61FB7DBC82D439C0B117A2 /* [CP] Embed Pods Frameworks */ = {
			isa = PBXShellScriptBuildPhase;
			buildActionMask = 2147483647;
			files = (
			);
			inputPaths = (
				"${SRCROOT}/Pods/Target Support Files/Pods-FilmApp/Pods-FilmApp-frameworks.sh",
				"${BUILT_PRODUCTS_DIR}/GoogleToolboxForMac/GoogleToolboxForMac.framework",
				"${BUILT_PRODUCTS_DIR}/nanopb/nanopb.framework",
			);
			name = "[CP] Embed Pods Frameworks";
			outputPaths = (
				"${TARGET_BUILD_DIR}/${FRAMEWORKS_FOLDER_PATH}/GoogleToolboxForMac.framework",
				"${TARGET_BUILD_DIR}/${FRAMEWORKS_FOLDER_PATH}/nanopb.framework",
			);
			runOnlyForDeploymentPostprocessing = 0;
			shellPath = /bin/sh;
			shellScript = "\"${SRCROOT}/Pods/Target Support Files/Pods-FilmApp/Pods-FilmApp-frameworks.sh\"\n";
			showEnvVarsInLog = 0;
		};
/* End PBXShellScriptBuildPhase section */

/* Begin PBXSourcesBuildPhase section */
		30B7940E2112E78A006BE074 /* Sources */ = {
			isa = PBXSourcesBuildPhase;
			buildActionMask = 2147483647;
			files = (
				30B794182112E78A006BE074 /* ViewController.swift in Sources */,
				30B7942A2112E8FD006BE074 /* StartUpViewController.swift in Sources */,
				30B7943A211312F8006BE074 /* GradientView.swift in Sources */,
				30B794162112E78A006BE074 /* AppDelegate.swift in Sources */,
			);
			runOnlyForDeploymentPostprocessing = 0;
		};
/* End PBXSourcesBuildPhase section */

/* Begin PBXVariantGroup section */
		30B794192112E78A006BE074 /* Main.storyboard */ = {
			isa = PBXVariantGroup;
			children = (
				30B7941A2112E78A006BE074 /* Base */,
			);
			name = Main.storyboard;
			sourceTree = "<group>";
		};
		30B7941E2112E78B006BE074 /* LaunchScreen.storyboard */ = {
			isa = PBXVariantGroup;
			children = (
				30B7941F2112E78B006BE074 /* Base */,
			);
			name = LaunchScreen.storyboard;
			sourceTree = "<group>";
		};
/* End PBXVariantGroup section */

/* Begin XCBuildConfiguration section */
		30B794222112E78B006BE074 /* Debug */ = {
			isa = XCBuildConfiguration;
			buildSettings = {
				ALWAYS_SEARCH_USER_PATHS = NO;
				CLANG_ANALYZER_NONNULL = YES;
				CLANG_ANALYZER_NUMBER_OBJECT_CONVERSION = YES_AGGRESSIVE;
				CLANG_CXX_LANGUAGE_STANDARD = "gnu++14";
				CLANG_CXX_LIBRARY = "libc++";
				CLANG_ENABLE_MODULES = YES;
				CLANG_ENABLE_OBJC_ARC = YES;
				CLANG_ENABLE_OBJC_WEAK = YES;
				CLANG_WARN_BLOCK_CAPTURE_AUTORELEASING = YES;
				CLANG_WARN_BOOL_CONVERSION = YES;
				CLANG_WARN_COMMA = YES;
				CLANG_WARN_CONSTANT_CONVERSION = YES;
				CLANG_WARN_DEPRECATED_OBJC_IMPLEMENTATIONS = YES;
				CLANG_WARN_DIRECT_OBJC_ISA_USAGE = YES_ERROR;
				CLANG_WARN_DOCUMENTATION_COMMENTS = YES;
				CLANG_WARN_EMPTY_BODY = YES;
				CLANG_WARN_ENUM_CONVERSION = YES;
				CLANG_WARN_INFINITE_RECURSION = YES;
				CLANG_WARN_INT_CONVERSION = YES;
				CLANG_WARN_NON_LITERAL_NULL_CONVERSION = YES;
				CLANG_WARN_OBJC_IMPLICIT_RETAIN_SELF = YES;
				CLANG_WARN_OBJC_LITERAL_CONVERSION = YES;
				CLANG_WARN_OBJC_ROOT_CLASS = YES_ERROR;
				CLANG_WARN_RANGE_LOOP_ANALYSIS = YES;
				CLANG_WARN_STRICT_PROTOTYPES = YES;
				CLANG_WARN_SUSPICIOUS_MOVE = YES;
				CLANG_WARN_UNGUARDED_AVAILABILITY = YES_AGGRESSIVE;
				CLANG_WARN_UNREACHABLE_CODE = YES;
				CLANG_WARN__DUPLICATE_METHOD_MATCH = YES;
				CODE_SIGN_IDENTITY = "iPhone Developer";
				COPY_PHASE_STRIP = NO;
				DEBUG_INFORMATION_FORMAT = dwarf;
				ENABLE_STRICT_OBJC_MSGSEND = YES;
				ENABLE_TESTABILITY = YES;
				GCC_C_LANGUAGE_STANDARD = gnu11;
				GCC_DYNAMIC_NO_PIC = NO;
				GCC_NO_COMMON_BLOCKS = YES;
				GCC_OPTIMIZATION_LEVEL = 0;
				GCC_PREPROCESSOR_DEFINITIONS = (
					"DEBUG=1",
					"$(inherited)",
				);
				GCC_WARN_64_TO_32_BIT_CONVERSION = YES;
				GCC_WARN_ABOUT_RETURN_TYPE = YES_ERROR;
				GCC_WARN_UNDECLARED_SELECTOR = YES;
				GCC_WARN_UNINITIALIZED_AUTOS = YES_AGGRESSIVE;
				GCC_WARN_UNUSED_FUNCTION = YES;
				GCC_WARN_UNUSED_VARIABLE = YES;
				IPHONEOS_DEPLOYMENT_TARGET = 11.4;
				MTL_ENABLE_DEBUG_INFO = YES;
				ONLY_ACTIVE_ARCH = YES;
				SDKROOT = iphoneos;
				SWIFT_ACTIVE_COMPILATION_CONDITIONS = DEBUG;
				SWIFT_OPTIMIZATION_LEVEL = "-Onone";
			};
			name = Debug;
		};
		30B794232112E78B006BE074 /* Release */ = {
			isa = XCBuildConfiguration;
			buildSettings = {
				ALWAYS_SEARCH_USER_PATHS = NO;
				CLANG_ANALYZER_NONNULL = YES;
				CLANG_ANALYZER_NUMBER_OBJECT_CONVERSION = YES_AGGRESSIVE;
				CLANG_CXX_LANGUAGE_STANDARD = "gnu++14";
				CLANG_CXX_LIBRARY = "libc++";
				CLANG_ENABLE_MODULES = YES;
				CLANG_ENABLE_OBJC_ARC = YES;
				CLANG_ENABLE_OBJC_WEAK = YES;
				CLANG_WARN_BLOCK_CAPTURE_AUTORELEASING = YES;
				CLANG_WARN_BOOL_CONVERSION = YES;
				CLANG_WARN_COMMA = YES;
				CLANG_WARN_CONSTANT_CONVERSION = YES;
				CLANG_WARN_DEPRECATED_OBJC_IMPLEMENTATIONS = YES;
				CLANG_WARN_DIRECT_OBJC_ISA_USAGE = YES_ERROR;
				CLANG_WARN_DOCUMENTATION_COMMENTS = YES;
				CLANG_WARN_EMPTY_BODY = YES;
				CLANG_WARN_ENUM_CONVERSION = YES;
				CLANG_WARN_INFINITE_RECURSION = YES;
				CLANG_WARN_INT_CONVERSION = YES;
				CLANG_WARN_NON_LITERAL_NULL_CONVERSION = YES;
				CLANG_WARN_OBJC_IMPLICIT_RETAIN_SELF = YES;
				CLANG_WARN_OBJC_LITERAL_CONVERSION = YES;
				CLANG_WARN_OBJC_ROOT_CLASS = YES_ERROR;
				CLANG_WARN_RANGE_LOOP_ANALYSIS = YES;
				CLANG_WARN_STRICT_PROTOTYPES = YES;
				CLANG_WARN_SUSPICIOUS_MOVE = YES;
				CLANG_WARN_UNGUARDED_AVAILABILITY = YES_AGGRESSIVE;
				CLANG_WARN_UNREACHABLE_CODE = YES;
				CLANG_WARN__DUPLICATE_METHOD_MATCH = YES;
				CODE_SIGN_IDENTITY = "iPhone Developer";
				COPY_PHASE_STRIP = NO;
				DEBUG_INFORMATION_FORMAT = "dwarf-with-dsym";
				ENABLE_NS_ASSERTIONS = NO;
				ENABLE_STRICT_OBJC_MSGSEND = YES;
				GCC_C_LANGUAGE_STANDARD = gnu11;
				GCC_NO_COMMON_BLOCKS = YES;
				GCC_WARN_64_TO_32_BIT_CONVERSION = YES;
				GCC_WARN_ABOUT_RETURN_TYPE = YES_ERROR;
				GCC_WARN_UNDECLARED_SELECTOR = YES;
				GCC_WARN_UNINITIALIZED_AUTOS = YES_AGGRESSIVE;
				GCC_WARN_UNUSED_FUNCTION = YES;
				GCC_WARN_UNUSED_VARIABLE = YES;
				IPHONEOS_DEPLOYMENT_TARGET = 11.4;
				MTL_ENABLE_DEBUG_INFO = NO;
				SDKROOT = iphoneos;
				SWIFT_COMPILATION_MODE = wholemodule;
				SWIFT_OPTIMIZATION_LEVEL = "-O";
				VALIDATE_PRODUCT = YES;
			};
			name = Release;
		};
		30B794252112E78B006BE074 /* Debug */ = {
			isa = XCBuildConfiguration;
			baseConfigurationReference = BB2EE535E6B30096A4108128 /* Pods-FilmApp.debug.xcconfig */;
			buildSettings = {
				ASSETCATALOG_COMPILER_APPICON_NAME = AppIcon;
				CODE_SIGN_STYLE = Automatic;
				DEVELOPMENT_TEAM = P5479G8HE6;
				INFOPLIST_FILE = FilmApp/Info.plist;
				LD_RUNPATH_SEARCH_PATHS = (
					"$(inherited)",
					"@executable_path/Frameworks",
				);
				PRODUCT_BUNDLE_IDENTIFIER = saeedalnuaimi.FilmApp;
				PRODUCT_NAME = "$(TARGET_NAME)";
				SWIFT_VERSION = 4.0;
				TARGETED_DEVICE_FAMILY = "1,2";
			};
			name = Debug;
		};
		30B794262112E78B006BE074 /* Release */ = {
			isa = XCBuildConfiguration;
			baseConfigurationReference = 75C857233E03FACBB5A2F9A4 /* Pods-FilmApp.release.xcconfig */;
			buildSettings = {
				ASSETCATALOG_COMPILER_APPICON_NAME = AppIcon;
				CODE_SIGN_STYLE = Automatic;
				DEVELOPMENT_TEAM = P5479G8HE6;
				INFOPLIST_FILE = FilmApp/Info.plist;
				LD_RUNPATH_SEARCH_PATHS = (
					"$(inherited)",
					"@executable_path/Frameworks",
				);
				PRODUCT_BUNDLE_IDENTIFIER = saeedalnuaimi.FilmApp;
				PRODUCT_NAME = "$(TARGET_NAME)";
				SWIFT_VERSION = 4.0;
				TARGETED_DEVICE_FAMILY = "1,2";
			};
			name = Release;
		};
/* End XCBuildConfiguration section */

/* Begin XCConfigurationList section */
		30B7940D2112E78A006BE074 /* Build configuration list for PBXProject "FilmApp" */ = {
			isa = XCConfigurationList;
			buildConfigurations = (
				30B794222112E78B006BE074 /* Debug */,
				30B794232112E78B006BE074 /* Release */,
			);
			defaultConfigurationIsVisible = 0;
			defaultConfigurationName = Release;
		};
		30B794242112E78B006BE074 /* Build configuration list for PBXNativeTarget "FilmApp" */ = {
			isa = XCConfigurationList;
			buildConfigurations = (
				30B794252112E78B006BE074 /* Debug */,
				30B794262112E78B006BE074 /* Release */,
			);
			defaultConfigurationIsVisible = 0;
			defaultConfigurationName = Release;
		};
/* End XCConfigurationList section */
	};
	rootObject = 30B7940A2112E78A006BE074 /* Project object */;
}
